
Microsoft Visual Studio Solution File, Format Version 12.00
# Visual Studio Version 16
VisualStudioVersion = 16.0.30621.155
MinimumVisualStudioVersion = 10.0.40219.1
Project("{FAE04EC0-301F-11D3-BF4B-00C04F79EFBC}") = "dir2iso", "dir2iso\dir2iso.csproj", "{06DE50E0-61EC-457B-B70C-8B07BA38992E}"
EndProject
Global
	GlobalSection(SolutionConfigurationPlatforms) = preSolution
		Debug|Any CPU = Debug|Any CPU
		Release|Any CPU = Release|Any CPU
	EndGlobalSection
	GlobalSection(ProjectConfigurationPlatforms) = postSolution
		{06DE50E0-61EC-457B-B70C-8B07BA38992E}.Debug|Any CPU.ActiveCfg = Debug|Any CPU
		{06DE50E0-61EC-457B-B70C-8B07BA38992E}.Debug|Any CPU.Build.0 = Debug|Any CPU
		{06DE50E0-61EC-457B-B70C-8B07BA38992E}.Release|Any CPU.ActiveCfg = Release|Any CPU
		{06DE50E0-61EC-457B-B70C-8B07BA38992E}.Release|Any CPU.Build.0 = Release|Any CPU
	EndGlobalSection
	GlobalSection(SolutionProperties) = preSolution
		HideSolutionNode = FALSE
	EndGlobalSection
	GlobalSection(ExtensibilityGlobals) = postSolution
		SolutionGuid = {DF09DB3A-7222-43F6-8D92-BB4FC9E26D9F}
	EndGlobalSection
EndGlobal
